// !$*UTF8*$!
{
	archiveVersion = 1;
	classes = {
	};
	objectVersion = 50;
	objects = {

/* Begin PBXBuildFile section */
		62B125C425DEE04500B7471E /* Interface.storyboard in Resources */ = {isa = PBXBuildFile; fileRef = 62B125C225DEE04500B7471E /* Interface.storyboard */; };
		62B125C625DEE04500B7471E /* Assets.xcassets in Resources */ = {isa = PBXBuildFile; fileRef = 62B125C525DEE04500B7471E /* Assets.xcassets */; };
		62B125CD25DEE04500B7471E /* Healthy Rush WatchApp Extension.appex in Embed App Extensions */ = {isa = PBXBuildFile; fileRef = 62B125CC25DEE04500B7471E /* Healthy Rush WatchApp Extension.appex */; settings = {ATTRIBUTES = (RemoveHeadersOnCopy, ); }; };
		62B125D225DEE04500B7471E /* InterfaceController.swift in Sources */ = {isa = PBXBuildFile; fileRef = 62B125D125DEE04500B7471E /* InterfaceController.swift */; };
		62B125D425DEE04500B7471E /* ExtensionDelegate.swift in Sources */ = {isa = PBXBuildFile; fileRef = 62B125D325DEE04500B7471E /* ExtensionDelegate.swift */; };
		62B125D625DEE04500B7471E /* NotificationController.swift in Sources */ = {isa = PBXBuildFile; fileRef = 62B125D525DEE04500B7471E /* NotificationController.swift */; };
		62B125D825DEE04500B7471E /* ComplicationController.swift in Sources */ = {isa = PBXBuildFile; fileRef = 62B125D725DEE04500B7471E /* ComplicationController.swift */; };
		62B125DA25DEE04500B7471E /* Assets.xcassets in Resources */ = {isa = PBXBuildFile; fileRef = 62B125D925DEE04500B7471E /* Assets.xcassets */; };
		62B125DF25DEE04500B7471E /* Healthy Rush WatchApp.app in Embed Watch Content */ = {isa = PBXBuildFile; fileRef = 62B125C025DEE04500B7471E /* Healthy Rush WatchApp.app */; settings = {ATTRIBUTES = (RemoveHeadersOnCopy, ); }; };
		62EA6C0D25E17371006DF000 /* Types.swift in Sources */ = {isa = PBXBuildFile; fileRef = 62EA6C0C25E17371006DF000 /* Types.swift */; };
		CC15AEF425D91B010014EB61 /* GameOver.swift in Sources */ = {isa = PBXBuildFile; fileRef = CC15AEF325D91B010014EB61 /* GameOver.swift */; };
		CC15AEF725D9242D0014EB61 /* SKTAudio.swift in Sources */ = {isa = PBXBuildFile; fileRef = CC15AEF625D9242D0014EB61 /* SKTAudio.swift */; };
		CC15AEFA25D9281B0014EB61 /* SKAction+Ext.swift in Sources */ = {isa = PBXBuildFile; fileRef = CC15AEF925D9281B0014EB61 /* SKAction+Ext.swift */; };
		CC37F64225D88D71003BA290 /* ScoreGenerator.swift in Sources */ = {isa = PBXBuildFile; fileRef = CC37F64125D88D71003BA290 /* ScoreGenerator.swift */; };
		CC37F64525D89006003BA290 /* MainMenu.swift in Sources */ = {isa = PBXBuildFile; fileRef = CC37F64425D89006003BA290 /* MainMenu.swift */; };
		CC51944325E2DECB002E2DEA /* buttonSound.wav in Resources */ = {isa = PBXBuildFile; fileRef = CC51944225E2DECB002E2DEA /* buttonSound.wav */; };
		CC51944825E2DED7002E2DEA /* diamondLost.wav in Resources */ = {isa = PBXBuildFile; fileRef = CC51944725E2DED7002E2DEA /* diamondLost.wav */; };
		CC51944D25E2DEDF002E2DEA /* playerSelect.mp3 in Resources */ = {isa = PBXBuildFile; fileRef = CC51944C25E2DEDF002E2DEA /* playerSelect.mp3 */; };
		CC52E55525D9E337001F3A8C /* diamond.wav in Resources */ = {isa = PBXBuildFile; fileRef = CC52E55025D9E337001F3A8C /* diamond.wav */; };
		CC52E55625D9E337001F3A8C /* gameOver.wav in Resources */ = {isa = PBXBuildFile; fileRef = CC52E55125D9E337001F3A8C /* gameOver.wav */; };
		CC52E55725D9E337001F3A8C /* collision.wav in Resources */ = {isa = PBXBuildFile; fileRef = CC52E55225D9E337001F3A8C /* collision.wav */; };
		CC52E55825D9E337001F3A8C /* jump.wav in Resources */ = {isa = PBXBuildFile; fileRef = CC52E55325D9E337001F3A8C /* jump.wav */; };
		CC52E55925D9E337001F3A8C /* backgroundMusic.mp3 in Resources */ = {isa = PBXBuildFile; fileRef = CC52E55425D9E337001F3A8C /* backgroundMusic.mp3 */; };
		CC59DEC325D486DB0089C664 /* AppDelegate.swift in Sources */ = {isa = PBXBuildFile; fileRef = CC59DEC225D486DB0089C664 /* AppDelegate.swift */; };
		CC59DEC525D486DB0089C664 /* GameScene.sks in Resources */ = {isa = PBXBuildFile; fileRef = CC59DEC425D486DB0089C664 /* GameScene.sks */; };
		CC59DEC725D486DB0089C664 /* Actions.sks in Resources */ = {isa = PBXBuildFile; fileRef = CC59DEC625D486DB0089C664 /* Actions.sks */; };
		CC59DEC925D486DB0089C664 /* GameScene.swift in Sources */ = {isa = PBXBuildFile; fileRef = CC59DEC825D486DB0089C664 /* GameScene.swift */; };
		CC59DECB25D486DB0089C664 /* GameViewController.swift in Sources */ = {isa = PBXBuildFile; fileRef = CC59DECA25D486DB0089C664 /* GameViewController.swift */; };
		CC59DECE25D486DB0089C664 /* Main.storyboard in Resources */ = {isa = PBXBuildFile; fileRef = CC59DECC25D486DB0089C664 /* Main.storyboard */; };
		CC59DED025D486DC0089C664 /* Assets.xcassets in Resources */ = {isa = PBXBuildFile; fileRef = CC59DECF25D486DC0089C664 /* Assets.xcassets */; };
		CC59DEE325D48A440089C664 /* LaunchScreen.storyboard in Resources */ = {isa = PBXBuildFile; fileRef = CC59DEE225D48A440089C664 /* LaunchScreen.storyboard */; };
		CC59DEF525D48F000089C664 /* CGPoint+Ext.swift in Sources */ = {isa = PBXBuildFile; fileRef = CC59DEF425D48F000089C664 /* CGPoint+Ext.swift */; };
		CC59DEF925D4989A0089C664 /* CGFloat+Ext.swift in Sources */ = {isa = PBXBuildFile; fileRef = CC59DEF825D4989A0089C664 /* CGFloat+Ext.swift */; };
/* End PBXBuildFile section */

/* Begin PBXContainerItemProxy section */
		62B125CE25DEE04500B7471E /* PBXContainerItemProxy */ = {
			isa = PBXContainerItemProxy;
			containerPortal = CC59DEB725D486DB0089C664 /* Project object */;
			proxyType = 1;
			remoteGlobalIDString = 62B125CB25DEE04500B7471E;
			remoteInfo = "Healthy Rush WatchApp Extension";
		};
		62B125DD25DEE04500B7471E /* PBXContainerItemProxy */ = {
			isa = PBXContainerItemProxy;
			containerPortal = CC59DEB725D486DB0089C664 /* Project object */;
			proxyType = 1;
			remoteGlobalIDString = 62B125BF25DEE04500B7471E;
			remoteInfo = "Healthy Rush WatchApp";
		};
/* End PBXContainerItemProxy section */

/* Begin PBXCopyFilesBuildPhase section */
		62B125E025DEE04500B7471E /* Embed Watch Content */ = {
			isa = PBXCopyFilesBuildPhase;
			buildActionMask = 2147483647;
			dstPath = "$(CONTENTS_FOLDER_PATH)/Watch";
			dstSubfolderSpec = 16;
			files = (
				62B125DF25DEE04500B7471E /* Healthy Rush WatchApp.app in Embed Watch Content */,
			);
			name = "Embed Watch Content";
			runOnlyForDeploymentPostprocessing = 0;
		};
		62B125E325DEE04500B7471E /* Embed App Extensions */ = {
			isa = PBXCopyFilesBuildPhase;
			buildActionMask = 2147483647;
			dstPath = "";
			dstSubfolderSpec = 13;
			files = (
				62B125CD25DEE04500B7471E /* Healthy Rush WatchApp Extension.appex in Embed App Extensions */,
			);
			name = "Embed App Extensions";
			runOnlyForDeploymentPostprocessing = 0;
		};
/* End PBXCopyFilesBuildPhase section */

/* Begin PBXFileReference section */
		62B125C025DEE04500B7471E /* Healthy Rush WatchApp.app */ = {isa = PBXFileReference; explicitFileType = wrapper.application; includeInIndex = 0; path = "Healthy Rush WatchApp.app"; sourceTree = BUILT_PRODUCTS_DIR; };
		62B125C325DEE04500B7471E /* Base */ = {isa = PBXFileReference; lastKnownFileType = file.storyboard; name = Base; path = Base.lproj/Interface.storyboard; sourceTree = "<group>"; };
		62B125C525DEE04500B7471E /* Assets.xcassets */ = {isa = PBXFileReference; lastKnownFileType = folder.assetcatalog; path = Assets.xcassets; sourceTree = "<group>"; };
		62B125C725DEE04500B7471E /* Info.plist */ = {isa = PBXFileReference; lastKnownFileType = text.plist.xml; path = Info.plist; sourceTree = "<group>"; };
		62B125CC25DEE04500B7471E /* Healthy Rush WatchApp Extension.appex */ = {isa = PBXFileReference; explicitFileType = "wrapper.app-extension"; includeInIndex = 0; path = "Healthy Rush WatchApp Extension.appex"; sourceTree = BUILT_PRODUCTS_DIR; };
		62B125D125DEE04500B7471E /* InterfaceController.swift */ = {isa = PBXFileReference; lastKnownFileType = sourcecode.swift; path = InterfaceController.swift; sourceTree = "<group>"; };
		62B125D325DEE04500B7471E /* ExtensionDelegate.swift */ = {isa = PBXFileReference; lastKnownFileType = sourcecode.swift; path = ExtensionDelegate.swift; sourceTree = "<group>"; };
		62B125D525DEE04500B7471E /* NotificationController.swift */ = {isa = PBXFileReference; lastKnownFileType = sourcecode.swift; path = NotificationController.swift; sourceTree = "<group>"; };
		62B125D725DEE04500B7471E /* ComplicationController.swift */ = {isa = PBXFileReference; lastKnownFileType = sourcecode.swift; path = ComplicationController.swift; sourceTree = "<group>"; };
		62B125D925DEE04500B7471E /* Assets.xcassets */ = {isa = PBXFileReference; lastKnownFileType = folder.assetcatalog; path = Assets.xcassets; sourceTree = "<group>"; };
		62B125DB25DEE04500B7471E /* Info.plist */ = {isa = PBXFileReference; lastKnownFileType = text.plist.xml; path = Info.plist; sourceTree = "<group>"; };
		62B125DC25DEE04500B7471E /* PushNotificationPayload.apns */ = {isa = PBXFileReference; lastKnownFileType = text; path = PushNotificationPayload.apns; sourceTree = "<group>"; };
		62EA6C0C25E17371006DF000 /* Types.swift */ = {isa = PBXFileReference; lastKnownFileType = sourcecode.swift; path = Types.swift; sourceTree = "<group>"; };
		CC15AEF325D91B010014EB61 /* GameOver.swift */ = {isa = PBXFileReference; lastKnownFileType = sourcecode.swift; path = GameOver.swift; sourceTree = "<group>"; };
		CC15AEF625D9242D0014EB61 /* SKTAudio.swift */ = {isa = PBXFileReference; lastKnownFileType = sourcecode.swift; path = SKTAudio.swift; sourceTree = "<group>"; };
		CC15AEF925D9281B0014EB61 /* SKAction+Ext.swift */ = {isa = PBXFileReference; lastKnownFileType = sourcecode.swift; path = "SKAction+Ext.swift"; sourceTree = "<group>"; };
		CC37F64125D88D71003BA290 /* ScoreGenerator.swift */ = {isa = PBXFileReference; lastKnownFileType = sourcecode.swift; path = ScoreGenerator.swift; sourceTree = "<group>"; };
		CC37F64425D89006003BA290 /* MainMenu.swift */ = {isa = PBXFileReference; lastKnownFileType = sourcecode.swift; path = MainMenu.swift; sourceTree = "<group>"; };
		CC51944225E2DECB002E2DEA /* buttonSound.wav */ = {isa = PBXFileReference; lastKnownFileType = audio.wav; path = buttonSound.wav; sourceTree = "<group>"; };
		CC51944725E2DED7002E2DEA /* diamondLost.wav */ = {isa = PBXFileReference; lastKnownFileType = audio.wav; path = diamondLost.wav; sourceTree = "<group>"; };
		CC51944C25E2DEDF002E2DEA /* playerSelect.mp3 */ = {isa = PBXFileReference; lastKnownFileType = audio.mp3; path = playerSelect.mp3; sourceTree = "<group>"; };
		CC52E55025D9E337001F3A8C /* diamond.wav */ = {isa = PBXFileReference; lastKnownFileType = audio.wav; path = diamond.wav; sourceTree = "<group>"; };
		CC52E55125D9E337001F3A8C /* gameOver.wav */ = {isa = PBXFileReference; lastKnownFileType = audio.wav; path = gameOver.wav; sourceTree = "<group>"; };
		CC52E55225D9E337001F3A8C /* collision.wav */ = {isa = PBXFileReference; lastKnownFileType = audio.wav; path = collision.wav; sourceTree = "<group>"; };
		CC52E55325D9E337001F3A8C /* jump.wav */ = {isa = PBXFileReference; lastKnownFileType = audio.wav; path = jump.wav; sourceTree = "<group>"; };
		CC52E55425D9E337001F3A8C /* backgroundMusic.mp3 */ = {isa = PBXFileReference; lastKnownFileType = audio.mp3; path = backgroundMusic.mp3; sourceTree = "<group>"; };
		CC59DEBF25D486DB0089C664 /* Healthy Rush.app */ = {isa = PBXFileReference; explicitFileType = wrapper.application; includeInIndex = 0; path = "Healthy Rush.app"; sourceTree = BUILT_PRODUCTS_DIR; };
		CC59DEC225D486DB0089C664 /* AppDelegate.swift */ = {isa = PBXFileReference; lastKnownFileType = sourcecode.swift; path = AppDelegate.swift; sourceTree = "<group>"; };
		CC59DEC425D486DB0089C664 /* GameScene.sks */ = {isa = PBXFileReference; lastKnownFileType = file.sks; path = GameScene.sks; sourceTree = "<group>"; };
		CC59DEC625D486DB0089C664 /* Actions.sks */ = {isa = PBXFileReference; lastKnownFileType = file.sks; path = Actions.sks; sourceTree = "<group>"; };
		CC59DEC825D486DB0089C664 /* GameScene.swift */ = {isa = PBXFileReference; lastKnownFileType = sourcecode.swift; path = GameScene.swift; sourceTree = "<group>"; };
		CC59DECA25D486DB0089C664 /* GameViewController.swift */ = {isa = PBXFileReference; lastKnownFileType = sourcecode.swift; path = GameViewController.swift; sourceTree = "<group>"; };
		CC59DECD25D486DB0089C664 /* Base */ = {isa = PBXFileReference; lastKnownFileType = file.storyboard; name = Base; path = Base.lproj/Main.storyboard; sourceTree = "<group>"; };
		CC59DECF25D486DC0089C664 /* Assets.xcassets */ = {isa = PBXFileReference; lastKnownFileType = folder.assetcatalog; path = Assets.xcassets; sourceTree = "<group>"; };
		CC59DED125D486DC0089C664 /* Info.plist */ = {isa = PBXFileReference; lastKnownFileType = text.plist.xml; path = Info.plist; sourceTree = "<group>"; };
		CC59DEE225D48A440089C664 /* LaunchScreen.storyboard */ = {isa = PBXFileReference; lastKnownFileType = file.storyboard; path = LaunchScreen.storyboard; sourceTree = "<group>"; };
		CC59DEF425D48F000089C664 /* CGPoint+Ext.swift */ = {isa = PBXFileReference; lastKnownFileType = sourcecode.swift; path = "CGPoint+Ext.swift"; sourceTree = "<group>"; };
		CC59DEF825D4989A0089C664 /* CGFloat+Ext.swift */ = {isa = PBXFileReference; lastKnownFileType = sourcecode.swift; path = "CGFloat+Ext.swift"; sourceTree = "<group>"; };
/* End PBXFileReference section */

/* Begin PBXFrameworksBuildPhase section */
		62B125C925DEE04500B7471E /* Frameworks */ = {
			isa = PBXFrameworksBuildPhase;
			buildActionMask = 2147483647;
			files = (
			);
			runOnlyForDeploymentPostprocessing = 0;
		};
		CC59DEBC25D486DB0089C664 /* Frameworks */ = {
			isa = PBXFrameworksBuildPhase;
			buildActionMask = 2147483647;
			files = (
			);
			runOnlyForDeploymentPostprocessing = 0;
		};
/* End PBXFrameworksBuildPhase section */

/* Begin PBXGroup section */
		62B125C125DEE04500B7471E /* Healthy Rush WatchApp */ = {
			isa = PBXGroup;
			children = (
				62B125C225DEE04500B7471E /* Interface.storyboard */,
				62B125C525DEE04500B7471E /* Assets.xcassets */,
				62B125C725DEE04500B7471E /* Info.plist */,
			);
			path = "Healthy Rush WatchApp";
			sourceTree = "<group>";
		};
		62B125D025DEE04500B7471E /* Healthy Rush WatchApp Extension */ = {
			isa = PBXGroup;
			children = (
				62B125D125DEE04500B7471E /* InterfaceController.swift */,
				62B125D325DEE04500B7471E /* ExtensionDelegate.swift */,
				62B125D525DEE04500B7471E /* NotificationController.swift */,
				62B125D725DEE04500B7471E /* ComplicationController.swift */,
				62B125D925DEE04500B7471E /* Assets.xcassets */,
				62B125DB25DEE04500B7471E /* Info.plist */,
				62B125DC25DEE04500B7471E /* PushNotificationPayload.apns */,
			);
			path = "Healthy Rush WatchApp Extension";
			sourceTree = "<group>";
		};
		CC59DEB625D486DB0089C664 = {
			isa = PBXGroup;
			children = (
				CC59DEC125D486DB0089C664 /* Healthy Rush */,
				62B125C125DEE04500B7471E /* Healthy Rush WatchApp */,
				62B125D025DEE04500B7471E /* Healthy Rush WatchApp Extension */,
				CC59DEC025D486DB0089C664 /* Products */,
			);
			sourceTree = "<group>";
		};
		CC59DEC025D486DB0089C664 /* Products */ = {
			isa = PBXGroup;
			children = (
				CC59DEBF25D486DB0089C664 /* Healthy Rush.app */,
				62B125C025DEE04500B7471E /* Healthy Rush WatchApp.app */,
				62B125CC25DEE04500B7471E /* Healthy Rush WatchApp Extension.appex */,
			);
			name = Products;
			sourceTree = "<group>";
		};
		CC59DEC125D486DB0089C664 /* Healthy Rush */ = {
			isa = PBXGroup;
			children = (
				CC59DEC225D486DB0089C664 /* AppDelegate.swift */,
				CC59DEC425D486DB0089C664 /* GameScene.sks */,
				CC59DEC625D486DB0089C664 /* Actions.sks */,
				CC74199325D73A00007EC6B8 /* Types */,
				CC59DEF325D48ED70089C664 /* MyUtilis */,
				CC59DEDB25D487270089C664 /* Scenes */,
				CC59DED925D4871C0089C664 /* Controllers */,
				CC59DEE725D48B790089C664 /* Sound */,
				CC59DED825D4870C0089C664 /* Resources */,
			);
			path = "Healthy Rush";
			sourceTree = "<group>";
		};
		CC59DED825D4870C0089C664 /* Resources */ = {
			isa = PBXGroup;
			children = (
				CC59DECC25D486DB0089C664 /* Main.storyboard */,
				CC59DECF25D486DC0089C664 /* Assets.xcassets */,
				CC59DEE225D48A440089C664 /* LaunchScreen.storyboard */,
				CC59DED125D486DC0089C664 /* Info.plist */,
			);
			path = Resources;
			sourceTree = "<group>";
		};
		CC59DED925D4871C0089C664 /* Controllers */ = {
			isa = PBXGroup;
			children = (
				CC59DECA25D486DB0089C664 /* GameViewController.swift */,
			);
			path = Controllers;
			sourceTree = "<group>";
		};
		CC59DEDB25D487270089C664 /* Scenes */ = {
			isa = PBXGroup;
			children = (
				CC59DEC825D486DB0089C664 /* GameScene.swift */,
				CC37F64425D89006003BA290 /* MainMenu.swift */,
				CC15AEF325D91B010014EB61 /* GameOver.swift */,
			);
			path = Scenes;
			sourceTree = "<group>";
		};
		CC59DEE725D48B790089C664 /* Sound */ = {
			isa = PBXGroup;
			children = (
				CC52E55425D9E337001F3A8C /* backgroundMusic.mp3 */,
				CC52E55025D9E337001F3A8C /* diamond.wav */,
				CC51944225E2DECB002E2DEA /* buttonSound.wav */,
				CC51944725E2DED7002E2DEA /* diamondLost.wav */,
				CC52E55125D9E337001F3A8C /* gameOver.wav */,
				CC52E55225D9E337001F3A8C /* collision.wav */,
				CC51944C25E2DEDF002E2DEA /* playerSelect.mp3 */,
				CC52E55325D9E337001F3A8C /* jump.wav */,
			);
			path = Sound;
			sourceTree = "<group>";
		};
		CC59DEF325D48ED70089C664 /* MyUtilis */ = {
			isa = PBXGroup;
			children = (
				CC59DEF425D48F000089C664 /* CGPoint+Ext.swift */,
				CC59DEF825D4989A0089C664 /* CGFloat+Ext.swift */,
				CC15AEF625D9242D0014EB61 /* SKTAudio.swift */,
				CC15AEF925D9281B0014EB61 /* SKAction+Ext.swift */,
			);
			path = MyUtilis;
			sourceTree = "<group>";
		};
		CC74199325D73A00007EC6B8 /* Types */ = {
			isa = PBXGroup;
			children = (
				CC37F64125D88D71003BA290 /* ScoreGenerator.swift */,
				62EA6C0C25E17371006DF000 /* Types.swift */,
			);
			path = Types;
			sourceTree = "<group>";
		};
/* End PBXGroup section */

/* Begin PBXNativeTarget section */
		62B125BF25DEE04500B7471E /* Healthy Rush WatchApp */ = {
			isa = PBXNativeTarget;
			buildConfigurationList = 62B125E725DEE04500B7471E /* Build configuration list for PBXNativeTarget "Healthy Rush WatchApp" */;
			buildPhases = (
				62B125BE25DEE04500B7471E /* Resources */,
				62B125E325DEE04500B7471E /* Embed App Extensions */,
			);
			buildRules = (
			);
			dependencies = (
				62B125CF25DEE04500B7471E /* PBXTargetDependency */,
			);
			name = "Healthy Rush WatchApp";
			productName = "Healthy Rush WatchApp";
			productReference = 62B125C025DEE04500B7471E /* Healthy Rush WatchApp.app */;
			productType = "com.apple.product-type.application.watchapp2";
		};
		62B125CB25DEE04500B7471E /* Healthy Rush WatchApp Extension */ = {
			isa = PBXNativeTarget;
			buildConfigurationList = 62B125E625DEE04500B7471E /* Build configuration list for PBXNativeTarget "Healthy Rush WatchApp Extension" */;
			buildPhases = (
				62B125C825DEE04500B7471E /* Sources */,
				62B125C925DEE04500B7471E /* Frameworks */,
				62B125CA25DEE04500B7471E /* Resources */,
			);
			buildRules = (
			);
			dependencies = (
			);
			name = "Healthy Rush WatchApp Extension";
			productName = "Healthy Rush WatchApp Extension";
			productReference = 62B125CC25DEE04500B7471E /* Healthy Rush WatchApp Extension.appex */;
			productType = "com.apple.product-type.watchkit2-extension";
		};
		CC59DEBE25D486DB0089C664 /* Healthy Rush */ = {
			isa = PBXNativeTarget;
			buildConfigurationList = CC59DED425D486DC0089C664 /* Build configuration list for PBXNativeTarget "Healthy Rush" */;
			buildPhases = (
				CC59DEBB25D486DB0089C664 /* Sources */,
				CC59DEBC25D486DB0089C664 /* Frameworks */,
				CC59DEBD25D486DB0089C664 /* Resources */,
				62B125E025DEE04500B7471E /* Embed Watch Content */,
			);
			buildRules = (
			);
			dependencies = (
				62B125DE25DEE04500B7471E /* PBXTargetDependency */,
			);
			name = "Healthy Rush";
			productName = "Healthy Rush";
			productReference = CC59DEBF25D486DB0089C664 /* Healthy Rush.app */;
			productType = "com.apple.product-type.application";
		};
/* End PBXNativeTarget section */

/* Begin PBXProject section */
		CC59DEB725D486DB0089C664 /* Project object */ = {
			isa = PBXProject;
			attributes = {
				LastSwiftUpdateCheck = 1240;
				LastUpgradeCheck = 1240;
				TargetAttributes = {
					62B125BF25DEE04500B7471E = {
						CreatedOnToolsVersion = 12.4;
					};
					62B125CB25DEE04500B7471E = {
						CreatedOnToolsVersion = 12.4;
					};
					CC59DEBE25D486DB0089C664 = {
						CreatedOnToolsVersion = 12.4;
					};
				};
			};
			buildConfigurationList = CC59DEBA25D486DB0089C664 /* Build configuration list for PBXProject "Healthy Rush" */;
			compatibilityVersion = "Xcode 9.3";
			developmentRegion = en;
			hasScannedForEncodings = 0;
			knownRegions = (
				en,
				Base,
			);
			mainGroup = CC59DEB625D486DB0089C664;
			productRefGroup = CC59DEC025D486DB0089C664 /* Products */;
			projectDirPath = "";
			projectRoot = "";
			targets = (
				CC59DEBE25D486DB0089C664 /* Healthy Rush */,
				62B125BF25DEE04500B7471E /* Healthy Rush WatchApp */,
				62B125CB25DEE04500B7471E /* Healthy Rush WatchApp Extension */,
			);
		};
/* End PBXProject section */

/* Begin PBXResourcesBuildPhase section */
		62B125BE25DEE04500B7471E /* Resources */ = {
			isa = PBXResourcesBuildPhase;
			buildActionMask = 2147483647;
			files = (
				62B125C625DEE04500B7471E /* Assets.xcassets in Resources */,
				62B125C425DEE04500B7471E /* Interface.storyboard in Resources */,
			);
			runOnlyForDeploymentPostprocessing = 0;
		};
		62B125CA25DEE04500B7471E /* Resources */ = {
			isa = PBXResourcesBuildPhase;
			buildActionMask = 2147483647;
			files = (
				62B125DA25DEE04500B7471E /* Assets.xcassets in Resources */,
			);
			runOnlyForDeploymentPostprocessing = 0;
		};
		CC59DEBD25D486DB0089C664 /* Resources */ = {
			isa = PBXResourcesBuildPhase;
			buildActionMask = 2147483647;
			files = (
				CC59DECE25D486DB0089C664 /* Main.storyboard in Resources */,
				CC59DEC525D486DB0089C664 /* GameScene.sks in Resources */,
				CC59DED025D486DC0089C664 /* Assets.xcassets in Resources */,
				CC52E55625D9E337001F3A8C /* gameOver.wav in Resources */,
				CC51944325E2DECB002E2DEA /* buttonSound.wav in Resources */,
				CC51944825E2DED7002E2DEA /* diamondLost.wav in Resources */,
				CC52E55525D9E337001F3A8C /* diamond.wav in Resources */,
				CC59DEE325D48A440089C664 /* LaunchScreen.storyboard in Resources */,
				CC51944D25E2DEDF002E2DEA /* playerSelect.mp3 in Resources */,
				CC52E55825D9E337001F3A8C /* jump.wav in Resources */,
				CC59DEC725D486DB0089C664 /* Actions.sks in Resources */,
				CC52E55925D9E337001F3A8C /* backgroundMusic.mp3 in Resources */,
				CC52E55725D9E337001F3A8C /* collision.wav in Resources */,
			);
			runOnlyForDeploymentPostprocessing = 0;
		};
/* End PBXResourcesBuildPhase section */

/* Begin PBXSourcesBuildPhase section */
		62B125C825DEE04500B7471E /* Sources */ = {
			isa = PBXSourcesBuildPhase;
			buildActionMask = 2147483647;
			files = (
				62B125D625DEE04500B7471E /* NotificationController.swift in Sources */,
				62B125D825DEE04500B7471E /* ComplicationController.swift in Sources */,
				62B125D425DEE04500B7471E /* ExtensionDelegate.swift in Sources */,
				62B125D225DEE04500B7471E /* InterfaceController.swift in Sources */,
			);
			runOnlyForDeploymentPostprocessing = 0;
		};
		CC59DEBB25D486DB0089C664 /* Sources */ = {
			isa = PBXSourcesBuildPhase;
			buildActionMask = 2147483647;
			files = (
				CC59DEF525D48F000089C664 /* CGPoint+Ext.swift in Sources */,
				CC15AEF725D9242D0014EB61 /* SKTAudio.swift in Sources */,
				CC59DEC925D486DB0089C664 /* GameScene.swift in Sources */,
				CC37F64225D88D71003BA290 /* ScoreGenerator.swift in Sources */,
				CC15AEFA25D9281B0014EB61 /* SKAction+Ext.swift in Sources */,
				CC15AEF425D91B010014EB61 /* GameOver.swift in Sources */,
				CC37F64525D89006003BA290 /* MainMenu.swift in Sources */,
				CC59DECB25D486DB0089C664 /* GameViewController.swift in Sources */,
				CC59DEF925D4989A0089C664 /* CGFloat+Ext.swift in Sources */,
				62EA6C0D25E17371006DF000 /* Types.swift in Sources */,
				CC59DEC325D486DB0089C664 /* AppDelegate.swift in Sources */,
			);
			runOnlyForDeploymentPostprocessing = 0;
		};
/* End PBXSourcesBuildPhase section */

/* Begin PBXTargetDependency section */
		62B125CF25DEE04500B7471E /* PBXTargetDependency */ = {
			isa = PBXTargetDependency;
			target = 62B125CB25DEE04500B7471E /* Healthy Rush WatchApp Extension */;
			targetProxy = 62B125CE25DEE04500B7471E /* PBXContainerItemProxy */;
		};
		62B125DE25DEE04500B7471E /* PBXTargetDependency */ = {
			isa = PBXTargetDependency;
			target = 62B125BF25DEE04500B7471E /* Healthy Rush WatchApp */;
			targetProxy = 62B125DD25DEE04500B7471E /* PBXContainerItemProxy */;
		};
/* End PBXTargetDependency section */

/* Begin PBXVariantGroup section */
		62B125C225DEE04500B7471E /* Interface.storyboard */ = {
			isa = PBXVariantGroup;
			children = (
				62B125C325DEE04500B7471E /* Base */,
			);
			name = Interface.storyboard;
			sourceTree = "<group>";
		};
		CC59DECC25D486DB0089C664 /* Main.storyboard */ = {
			isa = PBXVariantGroup;
			children = (
				CC59DECD25D486DB0089C664 /* Base */,
			);
			name = Main.storyboard;
			sourceTree = "<group>";
		};
/* End PBXVariantGroup section */

/* Begin XCBuildConfiguration section */
		62B125E125DEE04500B7471E /* Debug */ = {
			isa = XCBuildConfiguration;
			buildSettings = {
				ALWAYS_EMBED_SWIFT_STANDARD_LIBRARIES = YES;
				ASSETCATALOG_COMPILER_APPICON_NAME = AppIcon;
				ASSETCATALOG_COMPILER_GLOBAL_ACCENT_COLOR_NAME = AccentColor;
				CODE_SIGN_STYLE = Automatic;
				DEVELOPMENT_TEAM = R3G9M486RN;
				IBSC_MODULE = Healthy_Rush_WatchApp_Extension;
				INFOPLIST_FILE = "Healthy Rush WatchApp/Info.plist";
				PRODUCT_BUNDLE_IDENTIFIER = "it.unisa.applefoundationprogram.Healthy-Rush.watchkitapp";
				PRODUCT_NAME = "$(TARGET_NAME)";
				SDKROOT = watchos;
				SKIP_INSTALL = YES;
				SWIFT_VERSION = 5.0;
				TARGETED_DEVICE_FAMILY = 4;
				WATCHOS_DEPLOYMENT_TARGET = 7.2;
			};
			name = Debug;
		};
		62B125E225DEE04500B7471E /* Release */ = {
			isa = XCBuildConfiguration;
			buildSettings = {
				ALWAYS_EMBED_SWIFT_STANDARD_LIBRARIES = YES;
				ASSETCATALOG_COMPILER_APPICON_NAME = AppIcon;
				ASSETCATALOG_COMPILER_GLOBAL_ACCENT_COLOR_NAME = AccentColor;
				CODE_SIGN_STYLE = Automatic;
				DEVELOPMENT_TEAM = R3G9M486RN;
				IBSC_MODULE = Healthy_Rush_WatchApp_Extension;
				INFOPLIST_FILE = "Healthy Rush WatchApp/Info.plist";
				PRODUCT_BUNDLE_IDENTIFIER = "it.unisa.applefoundationprogram.Healthy-Rush.watchkitapp";
				PRODUCT_NAME = "$(TARGET_NAME)";
				SDKROOT = watchos;
				SKIP_INSTALL = YES;
				SWIFT_VERSION = 5.0;
				TARGETED_DEVICE_FAMILY = 4;
				WATCHOS_DEPLOYMENT_TARGET = 7.2;
			};
			name = Release;
		};
		62B125E425DEE04500B7471E /* Debug */ = {
			isa = XCBuildConfiguration;
			buildSettings = {
				ASSETCATALOG_COMPILER_COMPLICATION_NAME = Complication;
				CODE_SIGN_STYLE = Automatic;
				DEVELOPMENT_TEAM = R3G9M486RN;
				INFOPLIST_FILE = "Healthy Rush WatchApp Extension/Info.plist";
				LD_RUNPATH_SEARCH_PATHS = (
					"$(inherited)",
					"@executable_path/Frameworks",
					"@executable_path/../../Frameworks",
				);
				PRODUCT_BUNDLE_IDENTIFIER = "it.unisa.applefoundationprogram.Healthy-Rush.watchkitapp.watchkitextension";
				PRODUCT_NAME = "${TARGET_NAME}";
				SDKROOT = watchos;
				SKIP_INSTALL = YES;
				SWIFT_VERSION = 5.0;
				TARGETED_DEVICE_FAMILY = 4;
				WATCHOS_DEPLOYMENT_TARGET = 7.2;
			};
			name = Debug;
		};
		62B125E525DEE04500B7471E /* Release */ = {
			isa = XCBuildConfiguration;
			buildSettings = {
				ASSETCATALOG_COMPILER_COMPLICATION_NAME = Complication;
				CODE_SIGN_STYLE = Automatic;
				DEVELOPMENT_TEAM = R3G9M486RN;
				INFOPLIST_FILE = "Healthy Rush WatchApp Extension/Info.plist";
				LD_RUNPATH_SEARCH_PATHS = (
					"$(inherited)",
					"@executable_path/Frameworks",
					"@executable_path/../../Frameworks",
				);
				PRODUCT_BUNDLE_IDENTIFIER = "it.unisa.applefoundationprogram.Healthy-Rush.watchkitapp.watchkitextension";
				PRODUCT_NAME = "${TARGET_NAME}";
				SDKROOT = watchos;
				SKIP_INSTALL = YES;
				SWIFT_VERSION = 5.0;
				TARGETED_DEVICE_FAMILY = 4;
				WATCHOS_DEPLOYMENT_TARGET = 7.2;
			};
			name = Release;
		};
		CC59DED225D486DC0089C664 /* Debug */ = {
			isa = XCBuildConfiguration;
			buildSettings = {
				ALWAYS_SEARCH_USER_PATHS = NO;
				CLANG_ANALYZER_NONNULL = YES;
				CLANG_ANALYZER_NUMBER_OBJECT_CONVERSION = YES_AGGRESSIVE;
				CLANG_CXX_LANGUAGE_STANDARD = "gnu++14";
				CLANG_CXX_LIBRARY = "libc++";
				CLANG_ENABLE_MODULES = YES;
				CLANG_ENABLE_OBJC_ARC = YES;
				CLANG_ENABLE_OBJC_WEAK = YES;
				CLANG_WARN_BLOCK_CAPTURE_AUTORELEASING = YES;
				CLANG_WARN_BOOL_CONVERSION = YES;
				CLANG_WARN_COMMA = YES;
				CLANG_WARN_CONSTANT_CONVERSION = YES;
				CLANG_WARN_DEPRECATED_OBJC_IMPLEMENTATIONS = YES;
				CLANG_WARN_DIRECT_OBJC_ISA_USAGE = YES_ERROR;
				CLANG_WARN_DOCUMENTATION_COMMENTS = YES;
				CLANG_WARN_EMPTY_BODY = YES;
				CLANG_WARN_ENUM_CONVERSION = YES;
				CLANG_WARN_INFINITE_RECURSION = YES;
				CLANG_WARN_INT_CONVERSION = YES;
				CLANG_WARN_NON_LITERAL_NULL_CONVERSION = YES;
				CLANG_WARN_OBJC_IMPLICIT_RETAIN_SELF = YES;
				CLANG_WARN_OBJC_LITERAL_CONVERSION = YES;
				CLANG_WARN_OBJC_ROOT_CLASS = YES_ERROR;
				CLANG_WARN_QUOTED_INCLUDE_IN_FRAMEWORK_HEADER = YES;
				CLANG_WARN_RANGE_LOOP_ANALYSIS = YES;
				CLANG_WARN_STRICT_PROTOTYPES = YES;
				CLANG_WARN_SUSPICIOUS_MOVE = YES;
				CLANG_WARN_UNGUARDED_AVAILABILITY = YES_AGGRESSIVE;
				CLANG_WARN_UNREACHABLE_CODE = YES;
				CLANG_WARN__DUPLICATE_METHOD_MATCH = YES;
				COPY_PHASE_STRIP = NO;
				DEBUG_INFORMATION_FORMAT = dwarf;
				ENABLE_STRICT_OBJC_MSGSEND = YES;
				ENABLE_TESTABILITY = YES;
				GCC_C_LANGUAGE_STANDARD = gnu11;
				GCC_DYNAMIC_NO_PIC = NO;
				GCC_NO_COMMON_BLOCKS = YES;
				GCC_OPTIMIZATION_LEVEL = 0;
				GCC_PREPROCESSOR_DEFINITIONS = (
					"DEBUG=1",
					"$(inherited)",
				);
				GCC_WARN_64_TO_32_BIT_CONVERSION = YES;
				GCC_WARN_ABOUT_RETURN_TYPE = YES_ERROR;
				GCC_WARN_UNDECLARED_SELECTOR = YES;
				GCC_WARN_UNINITIALIZED_AUTOS = YES_AGGRESSIVE;
				GCC_WARN_UNUSED_FUNCTION = YES;
				GCC_WARN_UNUSED_VARIABLE = YES;
				IPHONEOS_DEPLOYMENT_TARGET = 14.4;
				MTL_ENABLE_DEBUG_INFO = INCLUDE_SOURCE;
				MTL_FAST_MATH = YES;
				ONLY_ACTIVE_ARCH = YES;
				SDKROOT = iphoneos;
				SWIFT_ACTIVE_COMPILATION_CONDITIONS = DEBUG;
				SWIFT_OPTIMIZATION_LEVEL = "-Onone";
			};
			name = Debug;
		};
		CC59DED325D486DC0089C664 /* Release */ = {
			isa = XCBuildConfiguration;
			buildSettings = {
				ALWAYS_SEARCH_USER_PATHS = NO;
				CLANG_ANALYZER_NONNULL = YES;
				CLANG_ANALYZER_NUMBER_OBJECT_CONVERSION = YES_AGGRESSIVE;
				CLANG_CXX_LANGUAGE_STANDARD = "gnu++14";
				CLANG_CXX_LIBRARY = "libc++";
				CLANG_ENABLE_MODULES = YES;
				CLANG_ENABLE_OBJC_ARC = YES;
				CLANG_ENABLE_OBJC_WEAK = YES;
				CLANG_WARN_BLOCK_CAPTURE_AUTORELEASING = YES;
				CLANG_WARN_BOOL_CONVERSION = YES;
				CLANG_WARN_COMMA = YES;
				CLANG_WARN_CONSTANT_CONVERSION = YES;
				CLANG_WARN_DEPRECATED_OBJC_IMPLEMENTATIONS = YES;
				CLANG_WARN_DIRECT_OBJC_ISA_USAGE = YES_ERROR;
				CLANG_WARN_DOCUMENTATION_COMMENTS = YES;
				CLANG_WARN_EMPTY_BODY = YES;
				CLANG_WARN_ENUM_CONVERSION = YES;
				CLANG_WARN_INFINITE_RECURSION = YES;
				CLANG_WARN_INT_CONVERSION = YES;
				CLANG_WARN_NON_LITERAL_NULL_CONVERSION = YES;
				CLANG_WARN_OBJC_IMPLICIT_RETAIN_SELF = YES;
				CLANG_WARN_OBJC_LITERAL_CONVERSION = YES;
				CLANG_WARN_OBJC_ROOT_CLASS = YES_ERROR;
				CLANG_WARN_QUOTED_INCLUDE_IN_FRAMEWORK_HEADER = YES;
				CLANG_WARN_RANGE_LOOP_ANALYSIS = YES;
				CLANG_WARN_STRICT_PROTOTYPES = YES;
				CLANG_WARN_SUSPICIOUS_MOVE = YES;
				CLANG_WARN_UNGUARDED_AVAILABILITY = YES_AGGRESSIVE;
				CLANG_WARN_UNREACHABLE_CODE = YES;
				CLANG_WARN__DUPLICATE_METHOD_MATCH = YES;
				COPY_PHASE_STRIP = NO;
				DEBUG_INFORMATION_FORMAT = "dwarf-with-dsym";
				ENABLE_NS_ASSERTIONS = NO;
				ENABLE_STRICT_OBJC_MSGSEND = YES;
				GCC_C_LANGUAGE_STANDARD = gnu11;
				GCC_NO_COMMON_BLOCKS = YES;
				GCC_WARN_64_TO_32_BIT_CONVERSION = YES;
				GCC_WARN_ABOUT_RETURN_TYPE = YES_ERROR;
				GCC_WARN_UNDECLARED_SELECTOR = YES;
				GCC_WARN_UNINITIALIZED_AUTOS = YES_AGGRESSIVE;
				GCC_WARN_UNUSED_FUNCTION = YES;
				GCC_WARN_UNUSED_VARIABLE = YES;
				IPHONEOS_DEPLOYMENT_TARGET = 14.4;
				MTL_ENABLE_DEBUG_INFO = NO;
				MTL_FAST_MATH = YES;
				SDKROOT = iphoneos;
				SWIFT_COMPILATION_MODE = wholemodule;
				SWIFT_OPTIMIZATION_LEVEL = "-O";
				VALIDATE_PRODUCT = YES;
			};
			name = Release;
		};
		CC59DED525D486DC0089C664 /* Debug */ = {
			isa = XCBuildConfiguration;
			buildSettings = {
				ASSETCATALOG_COMPILER_APPICON_NAME = AppIcon;
				ASSETCATALOG_COMPILER_GLOBAL_ACCENT_COLOR_NAME = AccentColor;
				CODE_SIGN_STYLE = Automatic;
				DEVELOPMENT_TEAM = R3G9M486RN;
				INFOPLIST_FILE = "Healthy Rush/Resources/Info.plist";
				LD_RUNPATH_SEARCH_PATHS = (
					"$(inherited)",
					"@executable_path/Frameworks",
				);
				PRODUCT_BUNDLE_IDENTIFIER = "it.unisa.applefoundationprogram.Healthy-Rush";
				PRODUCT_NAME = "$(TARGET_NAME)";
				SWIFT_VERSION = 5.0;
				TARGETED_DEVICE_FAMILY = "1,2";
			};
			name = Debug;
		};
		CC59DED625D486DC0089C664 /* Release */ = {
			isa = XCBuildConfiguration;
			buildSettings = {
				ASSETCATALOG_COMPILER_APPICON_NAME = AppIcon;
				ASSETCATALOG_COMPILER_GLOBAL_ACCENT_COLOR_NAME = AccentColor;
				CODE_SIGN_STYLE = Automatic;
				DEVELOPMENT_TEAM = R3G9M486RN;
				INFOPLIST_FILE = "Healthy Rush/Resources/Info.plist";
				LD_RUNPATH_SEARCH_PATHS = (
					"$(inherited)",
					"@executable_path/Frameworks",
				);
				PRODUCT_BUNDLE_IDENTIFIER = "it.unisa.applefoundationprogram.Healthy-Rush";
				PRODUCT_NAME = "$(TARGET_NAME)";
				SWIFT_VERSION = 5.0;
				TARGETED_DEVICE_FAMILY = "1,2";
			};
			name = Release;
		};
/* End XCBuildConfiguration section */

/* Begin XCConfigurationList section */
		62B125E625DEE04500B7471E /* Build configuration list for PBXNativeTarget "Healthy Rush WatchApp Extension" */ = {
			isa = XCConfigurationList;
			buildConfigurations = (
				62B125E425DEE04500B7471E /* Debug */,
				62B125E525DEE04500B7471E /* Release */,
			);
			defaultConfigurationIsVisible = 0;
			defaultConfigurationName = Release;
		};
		62B125E725DEE04500B7471E /* Build configuration list for PBXNativeTarget "Healthy Rush WatchApp" */ = {
			isa = XCConfigurationList;
			buildConfigurations = (
				62B125E125DEE04500B7471E /* Debug */,
				62B125E225DEE04500B7471E /* Release */,
			);
			defaultConfigurationIsVisible = 0;
			defaultConfigurationName = Release;
		};
		CC59DEBA25D486DB0089C664 /* Build configuration list for PBXProject "Healthy Rush" */ = {
			isa = XCConfigurationList;
			buildConfigurations = (
				CC59DED225D486DC0089C664 /* Debug */,
				CC59DED325D486DC0089C664 /* Release */,
			);
			defaultConfigurationIsVisible = 0;
			defaultConfigurationName = Release;
		};
		CC59DED425D486DC0089C664 /* Build configuration list for PBXNativeTarget "Healthy Rush" */ = {
			isa = XCConfigurationList;
			buildConfigurations = (
				CC59DED525D486DC0089C664 /* Debug */,
				CC59DED625D486DC0089C664 /* Release */,
			);
			defaultConfigurationIsVisible = 0;
			defaultConfigurationName = Release;
		};
/* End XCConfigurationList section */
	};
	rootObject = CC59DEB725D486DB0089C664 /* Project object */;
}
